
Microsoft Visual Studio Solution File, Format Version 12.00
# Visual Studio Version 17
VisualStudioVersion = 17.1.32120.378
MinimumVisualStudioVersion = 10.0.40219.1
Project("{FAE04EC0-301F-11D3-BF4B-00C04F79EFBC}") = "WINDOWS_APPLICATION_WAITING_PROGRESS", "WINDOWS_APPLICATION_WAITING_PROGRESS\WINDOWS_APPLICATION_WAITING_PROGRESS.csproj", "{FD99CF30-CF75-4911-8B60-9FD7FF2BFA8B}"
EndProject
Global
	GlobalSection(SolutionConfigurationPlatforms) = preSolution
		Debug|Any CPU = Debug|Any CPU
		Release|Any CPU = Release|Any CPU
	EndGlobalSection
	GlobalSection(ProjectConfigurationPlatforms) = postSolution
		{FD99CF30-CF75-4911-8B60-9FD7FF2BFA8B}.Debug|Any CPU.ActiveCfg = Debug|Any CPU
		{FD99CF30-CF75-4911-8B60-9FD7FF2BFA8B}.Debug|Any CPU.Build.0 = Debug|Any CPU
		{FD99CF30-CF75-4911-8B60-9FD7FF2BFA8B}.Release|Any CPU.ActiveCfg = Release|Any CPU
		{FD99CF30-CF75-4911-8B60-9FD7FF2BFA8B}.Release|Any CPU.Build.0 = Release|Any CPU
	EndGlobalSection
	GlobalSection(SolutionProperties) = preSolution
		HideSolutionNode = FALSE
	EndGlobalSection
	GlobalSection(ExtensibilityGlobals) = postSolution
		SolutionGuid = {3B7D2488-B28B-4D2F-840B-DE4D303488CE}
	EndGlobalSection
EndGlobal
