
Microsoft Visual Studio Solution File, Format Version 12.00
# Visual Studio Version 17
VisualStudioVersion = 17.0.32112.339
MinimumVisualStudioVersion = 10.0.40219.1
Project("{FAE04EC0-301F-11D3-BF4B-00C04F79EFBC}") = "BSS", "BSS\BSS.csproj", "{00FD7F96-AF06-49C9-AF01-19C209C888BB}"
EndProject
Project("{FAE04EC0-301F-11D3-BF4B-00C04F79EFBC}") = "KEY_GENERATOR_FOR_LICENSE_KEY", "..\KEY_GENERATOR_FOR_LICENSE_KEY\KEY_GENERATOR_FOR_LICENSE_KEY\KEY_GENERATOR_FOR_LICENSE_KEY.csproj", "{CBB4F6AD-6308-4B00-960D-C0B15EAEEA4E}"
EndProject
Project("{FAE04EC0-301F-11D3-BF4B-00C04F79EFBC}") = "MY_WINDOWS_FORM_SHORTCUT", "..\MY_WINDOWS_FORM_SHORTCUT\MY_WINDOWS_FORM_SHORTCUT\MY_WINDOWS_FORM_SHORTCUT.csproj", "{D89B4A16-8DFE-410E-89D7-EB9360A77693}"
EndProject
Project("{FAE04EC0-301F-11D3-BF4B-00C04F79EFBC}") = "WINDOWS_APPLICATION_WAITING_PROGRESS", "..\WINDOWS_APPLICATION_WAITING_PROGRESS\WINDOWS_APPLICATION_WAITING_PROGRESS\WINDOWS_APPLICATION_WAITING_PROGRESS.csproj", "{FD99CF30-CF75-4911-8B60-9FD7FF2BFA8B}"
EndProject
Project("{FAE04EC0-301F-11D3-BF4B-00C04F79EFBC}") = "MY_APPLICATION_FORM", "..\MY_APPLICATION_FORM\MY_APPLICATION_FORM\MY_APPLICATION_FORM.csproj", "{54860669-E392-49AF-BB32-E4F8F66E81C5}"
EndProject
Global
	GlobalSection(SolutionConfigurationPlatforms) = preSolution
		Debug|Any CPU = Debug|Any CPU
		Release|Any CPU = Release|Any CPU
	EndGlobalSection
	GlobalSection(ProjectConfigurationPlatforms) = postSolution
		{00FD7F96-AF06-49C9-AF01-19C209C888BB}.Debug|Any CPU.ActiveCfg = Debug|Any CPU
		{00FD7F96-AF06-49C9-AF01-19C209C888BB}.Debug|Any CPU.Build.0 = Debug|Any CPU
		{00FD7F96-AF06-49C9-AF01-19C209C888BB}.Release|Any CPU.ActiveCfg = Release|Any CPU
		{00FD7F96-AF06-49C9-AF01-19C209C888BB}.Release|Any CPU.Build.0 = Release|Any CPU
		{CBB4F6AD-6308-4B00-960D-C0B15EAEEA4E}.Debug|Any CPU.ActiveCfg = Debug|Any CPU
		{CBB4F6AD-6308-4B00-960D-C0B15EAEEA4E}.Debug|Any CPU.Build.0 = Debug|Any CPU
		{CBB4F6AD-6308-4B00-960D-C0B15EAEEA4E}.Release|Any CPU.ActiveCfg = Release|Any CPU
		{CBB4F6AD-6308-4B00-960D-C0B15EAEEA4E}.Release|Any CPU.Build.0 = Release|Any CPU
		{D89B4A16-8DFE-410E-89D7-EB9360A77693}.Debug|Any CPU.ActiveCfg = Debug|Any CPU
		{D89B4A16-8DFE-410E-89D7-EB9360A77693}.Debug|Any CPU.Build.0 = Debug|Any CPU
		{D89B4A16-8DFE-410E-89D7-EB9360A77693}.Release|Any CPU.ActiveCfg = Release|Any CPU
		{D89B4A16-8DFE-410E-89D7-EB9360A77693}.Release|Any CPU.Build.0 = Release|Any CPU
		{FD99CF30-CF75-4911-8B60-9FD7FF2BFA8B}.Debug|Any CPU.ActiveCfg = Debug|Any CPU
		{FD99CF30-CF75-4911-8B60-9FD7FF2BFA8B}.Debug|Any CPU.Build.0 = Debug|Any CPU
		{FD99CF30-CF75-4911-8B60-9FD7FF2BFA8B}.Release|Any CPU.ActiveCfg = Release|Any CPU
		{FD99CF30-CF75-4911-8B60-9FD7FF2BFA8B}.Release|Any CPU.Build.0 = Release|Any CPU
		{54860669-E392-49AF-BB32-E4F8F66E81C5}.Debug|Any CPU.ActiveCfg = Debug|Any CPU
		{54860669-E392-49AF-BB32-E4F8F66E81C5}.Debug|Any CPU.Build.0 = Debug|Any CPU
		{54860669-E392-49AF-BB32-E4F8F66E81C5}.Release|Any CPU.ActiveCfg = Release|Any CPU
		{54860669-E392-49AF-BB32-E4F8F66E81C5}.Release|Any CPU.Build.0 = Release|Any CPU
	EndGlobalSection
	GlobalSection(SolutionProperties) = preSolution
		HideSolutionNode = FALSE
	EndGlobalSection
	GlobalSection(ExtensibilityGlobals) = postSolution
		SolutionGuid = {7569E2B3-617C-4C4B-BA5F-354DE5BC8ADC}
	EndGlobalSection
EndGlobal
