
Microsoft Visual Studio Solution File, Format Version 12.00
# Visual Studio Version 17
VisualStudioVersion = 17.0.32112.339
MinimumVisualStudioVersion = 10.0.40219.1
Project("{FAE04EC0-301F-11D3-BF4B-00C04F79EFBC}") = "BSS", "BSS\BSS.csproj", "{F35F7B16-B1F4-42DA-BBE1-6F838A0312C5}"
EndProject
Project("{FAE04EC0-301F-11D3-BF4B-00C04F79EFBC}") = "KEY_GENERATOR_FOR_LICENSE_KEY", "..\KEY_GENERATOR_FOR_LICENSE_KEY\KEY_GENERATOR_FOR_LICENSE_KEY\KEY_GENERATOR_FOR_LICENSE_KEY.csproj", "{CBB4F6AD-6308-4B00-960D-C0B15EAEEA4E}"
EndProject
Project("{FAE04EC0-301F-11D3-BF4B-00C04F79EFBC}") = "MY_WINDOWS_FORM_SHORTCUT", "..\MY_WINDOWS_FORM_SHORTCUT\MY_WINDOWS_FORM_SHORTCUT\MY_WINDOWS_FORM_SHORTCUT.csproj", "{D89B4A16-8DFE-410E-89D7-EB9360A77693}"
EndProject
Global
	GlobalSection(SolutionConfigurationPlatforms) = preSolution
		Debug|Any CPU = Debug|Any CPU
		Release|Any CPU = Release|Any CPU
	EndGlobalSection
	GlobalSection(ProjectConfigurationPlatforms) = postSolution
		{F35F7B16-B1F4-42DA-BBE1-6F838A0312C5}.Debug|Any CPU.ActiveCfg = Debug|Any CPU
		{F35F7B16-B1F4-42DA-BBE1-6F838A0312C5}.Debug|Any CPU.Build.0 = Debug|Any CPU
		{F35F7B16-B1F4-42DA-BBE1-6F838A0312C5}.Release|Any CPU.ActiveCfg = Release|Any CPU
		{F35F7B16-B1F4-42DA-BBE1-6F838A0312C5}.Release|Any CPU.Build.0 = Release|Any CPU
		{CBB4F6AD-6308-4B00-960D-C0B15EAEEA4E}.Debug|Any CPU.ActiveCfg = Debug|Any CPU
		{CBB4F6AD-6308-4B00-960D-C0B15EAEEA4E}.Debug|Any CPU.Build.0 = Debug|Any CPU
		{CBB4F6AD-6308-4B00-960D-C0B15EAEEA4E}.Release|Any CPU.ActiveCfg = Release|Any CPU
		{CBB4F6AD-6308-4B00-960D-C0B15EAEEA4E}.Release|Any CPU.Build.0 = Release|Any CPU
		{D89B4A16-8DFE-410E-89D7-EB9360A77693}.Debug|Any CPU.ActiveCfg = Debug|Any CPU
		{D89B4A16-8DFE-410E-89D7-EB9360A77693}.Debug|Any CPU.Build.0 = Debug|Any CPU
		{D89B4A16-8DFE-410E-89D7-EB9360A77693}.Release|Any CPU.ActiveCfg = Release|Any CPU
		{D89B4A16-8DFE-410E-89D7-EB9360A77693}.Release|Any CPU.Build.0 = Release|Any CPU
	EndGlobalSection
	GlobalSection(SolutionProperties) = preSolution
		HideSolutionNode = FALSE
	EndGlobalSection
	GlobalSection(ExtensibilityGlobals) = postSolution
		SolutionGuid = {53B21240-1656-4F68-9B24-593C0B29E8CF}
	EndGlobalSection
EndGlobal
